
Microsoft Visual Studio Solution File, Format Version 12.00
# Visual Studio Version 17
VisualStudioVersion = 17.7.34202.233
MinimumVisualStudioVersion = 10.0.40219.1
Project("{FAE04EC0-301F-11D3-BF4B-00C04F79EFBC}") = "tortiki", "tortiki\tortiki.csproj", "{5A547554-18FE-4AFA-BA5A-FA7E36F20D65}"
EndProject
Global
	GlobalSection(SolutionConfigurationPlatforms) = preSolution
		Debug|Any CPU = Debug|Any CPU
		Release|Any CPU = Release|Any CPU
	EndGlobalSection
	GlobalSection(ProjectConfigurationPlatforms) = postSolution
		{5A547554-18FE-4AFA-BA5A-FA7E36F20D65}.Debug|Any CPU.ActiveCfg = Debug|Any CPU
		{5A547554-18FE-4AFA-BA5A-FA7E36F20D65}.Debug|Any CPU.Build.0 = Debug|Any CPU
		{5A547554-18FE-4AFA-BA5A-FA7E36F20D65}.Release|Any CPU.ActiveCfg = Release|Any CPU
		{5A547554-18FE-4AFA-BA5A-FA7E36F20D65}.Release|Any CPU.Build.0 = Release|Any CPU
	EndGlobalSection
	GlobalSection(SolutionProperties) = preSolution
		HideSolutionNode = FALSE
	EndGlobalSection
	GlobalSection(ExtensibilityGlobals) = postSolution
		SolutionGuid = {1A8159FE-84DD-40C1-8C07-CAC5B96D007A}
	EndGlobalSection
EndGlobal
